// !$*UTF8*$!
{
	archiveVersion = 1;
	classes = {
	};
	objectVersion = 46;
	objects = {

/* Begin PBXBuildFile section */
		01EE640958F0BB29B84E17B7 /* PermissionManager.swift in Sources */ = {isa = PBXBuildFile; fileRef = 194E776E100AC9ED3FD420DE /* PermissionManager.swift */; };
		3092F81AF3D7859B9B01F7DE /* CoreGraphics.framework in Frameworks */ = {isa = PBXBuildFile; fileRef = 2098950DAED565F222AB05F4 /* CoreGraphics.framework */; };
		37FD4731C1E728F60BC74689 /* MMMultitouchBridge.m in Sources */ = {isa = PBXBuildFile; fileRef = D471572DE5816FE508D2A85F /* MMMultitouchBridge.m */; };
		3EE7BB4DD58FE65194CD7D8F /* AppKit.framework in Frameworks */ = {isa = PBXBuildFile; fileRef = A80D48845F4228FD59381A31 /* AppKit.framework */; };
		43EF61D684989E6BED344D22 /* Cocoa.framework in Frameworks */ = {isa = PBXBuildFile; fileRef = 2BD0EF1F6051346287541D38 /* Cocoa.framework */; };
		49260AB5FF7AD7516F352D19 /* Cocoa.framework in Frameworks */ = {isa = PBXBuildFile; fileRef = 2BD0EF1F6051346287541D38 /* Cocoa.framework */; };
		4CFD18B9B3D80CECC7A26827 /* TouchModels.swift in Sources */ = {isa = PBXBuildFile; fileRef = A137F33D29E0E92342A33B6C /* TouchModels.swift */; };
		643E58466BC67F31A0694A7B /* Localizable.strings in Resources */ = {isa = PBXBuildFile; fileRef = 1AC394EAF52AF62825B5ABBC /* Localizable.strings */; };
		682B8983675CF0AF8C552E26 /* SettingsView.swift in Sources */ = {isa = PBXBuildFile; fileRef = D37881D7E4E3C4D864BD688B /* SettingsView.swift */; };
		72F7CDB51A68E104483A4BB7 /* Localization.swift in Sources */ = {isa = PBXBuildFile; fileRef = 509F59869411FB69895D5475 /* Localization.swift */; };
		73226B9BC04940C502F5B32E /* MenuBarContent.swift in Sources */ = {isa = PBXBuildFile; fileRef = 60B5C906BF4881C91C33B725 /* MenuBarContent.swift */; };
		76A20594F468CA38D95CAA95 /* AppRuntime.swift in Sources */ = {isa = PBXBuildFile; fileRef = 178433E0F8B5AB918551CCB8 /* AppRuntime.swift */; };
		77FBE11417B6973C16228042 /* Foundation.framework in Frameworks */ = {isa = PBXBuildFile; fileRef = C4F3EA00B297CC77BDE71A40 /* Foundation.framework */; };
		8CFE62E18FCD84C48E7899DD /* MigMouseApp.swift in Sources */ = {isa = PBXBuildFile; fileRef = EC9E21CAC1923B7B37D5B8BA /* MigMouseApp.swift */; };
		93AF58FA7561876048B54453 /* TapRecognizer.swift in Sources */ = {isa = PBXBuildFile; fileRef = 167A56A3C06685CA69DDD42B /* TapRecognizer.swift */; };
		A39FC73E6277F100356F7947 /* TouchSurfaceView.swift in Sources */ = {isa = PBXBuildFile; fileRef = DD69DDE78380D4E5A0DB8A71 /* TouchSurfaceView.swift */; };
		B493D4889B82AA54953D35F5 /* SystemEventMonitor.swift in Sources */ = {isa = PBXBuildFile; fileRef = 7FB9B63112F484E491F0D56D /* SystemEventMonitor.swift */; };
		C20A1190D0F296DC6532FA6C /* SwiftUI.framework in Frameworks */ = {isa = PBXBuildFile; fileRef = 76C956A0C33931A0E2AEF469 /* SwiftUI.framework */; };
		CE3E0E232DDF67C9B5C1EDA4 /* MouseEventSynthesizer.swift in Sources */ = {isa = PBXBuildFile; fileRef = DA008A0A7F87BF134C754279 /* MouseEventSynthesizer.swift */; };
		D084C75AD827F5EFB8C7B380 /* SyntheticEventIdentity.swift in Sources */ = {isa = PBXBuildFile; fileRef = E43D0F2A5B88FE90FB670B73 /* SyntheticEventIdentity.swift */; };
		E96B7F9C6765B3745D9C92CD /* GestureConfiguration.swift in Sources */ = {isa = PBXBuildFile; fileRef = 21FF1E6AB58A742E4797545E /* GestureConfiguration.swift */; };
		F2930C7941D261B8134B5323 /* TapRecognizerTests.swift in Sources */ = {isa = PBXBuildFile; fileRef = F625FE8A77530EAFFC71409A /* TapRecognizerTests.swift */; };
		F57E821D31953AB4DBD05B0F /* ApplicationServices.framework in Frameworks */ = {isa = PBXBuildFile; fileRef = D7E34E9B39F6B6220D25BB73 /* ApplicationServices.framework */; };
/* End PBXBuildFile section */

/* Begin PBXContainerItemProxy section */
		EBA2B3A340592E4C1B14BED9 /* PBXContainerItemProxy */ = {
			isa = PBXContainerItemProxy;
			containerPortal = FE1A82056AE04E1A99EDE15C /* Project object */;
			proxyType = 1;
			remoteGlobalIDString = 2BF958A7B097E8F19410F06F;
			remoteInfo = MigMouse;
		};
/* End PBXContainerItemProxy section */

/* Begin PBXFileReference section */
		05FD8721F423417AC13A762E /* Localizable.strings */ = {isa = PBXFileReference; includeInIndex = 1; lastKnownFileType = text.plist.strings; name = Localizable.strings; path = "Localization/zh-Hans.lproj/Localizable.strings"; sourceTree = "<group>"; };
		0F37DD925F911ADB34831CA5 /* Localizable.strings */ = {isa = PBXFileReference; includeInIndex = 1; lastKnownFileType = text.plist.strings; name = Localizable.strings; path = en.lproj/Localizable.strings; sourceTree = "<group>"; };
		167A56A3C06685CA69DDD42B /* TapRecognizer.swift */ = {isa = PBXFileReference; includeInIndex = 1; lastKnownFileType = sourcecode.swift; name = TapRecognizer.swift; path = Gestures/TapRecognizer.swift; sourceTree = "<group>"; };
		178433E0F8B5AB918551CCB8 /* AppRuntime.swift */ = {isa = PBXFileReference; includeInIndex = 1; lastKnownFileType = sourcecode.swift; name = AppRuntime.swift; path = App/AppRuntime.swift; sourceTree = "<group>"; };
		194E776E100AC9ED3FD420DE /* PermissionManager.swift */ = {isa = PBXFileReference; includeInIndex = 1; lastKnownFileType = sourcecode.swift; name = PermissionManager.swift; path = Permissions/PermissionManager.swift; sourceTree = "<group>"; };
		2098950DAED565F222AB05F4 /* CoreGraphics.framework */ = {isa = PBXFileReference; lastKnownFileType = wrapper.framework; name = CoreGraphics.framework; path = System/Library/Frameworks/CoreGraphics.framework; sourceTree = SDKROOT; };
		21CD4120C83E6CA39DE009C1 /* MMMultitouchBridge.h */ = {isa = PBXFileReference; includeInIndex = 1; lastKnownFileType = sourcecode.c.h; name = MMMultitouchBridge.h; path = Multitouch/MMMultitouchBridge.h; sourceTree = "<group>"; };
		21FF1E6AB58A742E4797545E /* GestureConfiguration.swift */ = {isa = PBXFileReference; includeInIndex = 1; lastKnownFileType = sourcecode.swift; name = GestureConfiguration.swift; path = Gestures/GestureConfiguration.swift; sourceTree = "<group>"; };
		2747DA3FB7E8EC58E737DCD9 /* Localizable.strings */ = {isa = PBXFileReference; includeInIndex = 1; lastKnownFileType = text.plist.strings; name = Localizable.strings; path = Localization/de.lproj/Localizable.strings; sourceTree = "<group>"; };
		28B09F85784452164BE18764 /* Info.plist */ = {isa = PBXFileReference; includeInIndex = 1; lastKnownFileType = text.plist.xml; name = Info.plist; path = Supporting/Info.plist; sourceTree = "<group>"; };
		2BD0EF1F6051346287541D38 /* Cocoa.framework */ = {isa = PBXFileReference; lastKnownFileType = wrapper.framework; name = Cocoa.framework; path = Platforms/MacOSX.platform/Developer/SDKs/MacOSX15.0.sdk/System/Library/Frameworks/Cocoa.framework; sourceTree = DEVELOPER_DIR; };
		2D0F228704FBC1FC27771BA2 /* Localizable.strings */ = {isa = PBXFileReference; includeInIndex = 1; lastKnownFileType = text.plist.strings; name = Localizable.strings; path = es.lproj/Localizable.strings; sourceTree = "<group>"; };
		3889F2CC8EF99972D2F05B98 /* Localizable.strings */ = {isa = PBXFileReference; includeInIndex = 1; lastKnownFileType = text.plist.strings; name = Localizable.strings; path = Localization/ru.lproj/Localizable.strings; sourceTree = "<group>"; };
		41156F49F482660E33D4D3D2 /* Localizable.strings */ = {isa = PBXFileReference; includeInIndex = 1; lastKnownFileType = text.plist.strings; name = Localizable.strings; path = "pt-BR.lproj/Localizable.strings"; sourceTree = "<group>"; };
		509F59869411FB69895D5475 /* Localization.swift */ = {isa = PBXFileReference; includeInIndex = 1; lastKnownFileType = sourcecode.swift; name = Localization.swift; path = Localization/Localization.swift; sourceTree = "<group>"; };
		579AE48109F7B0CE8F8C44BE /* Localizable.strings */ = {isa = PBXFileReference; includeInIndex = 1; lastKnownFileType = text.plist.strings; name = Localizable.strings; path = it.lproj/Localizable.strings; sourceTree = "<group>"; };
		60B5C906BF4881C91C33B725 /* MenuBarContent.swift */ = {isa = PBXFileReference; includeInIndex = 1; lastKnownFileType = sourcecode.swift; name = MenuBarContent.swift; path = UI/MenuBarContent.swift; sourceTree = "<group>"; };
		624C9F2C66BB6BD4D92B6B8C /* Localizable.strings */ = {isa = PBXFileReference; includeInIndex = 1; lastKnownFileType = text.plist.strings; name = Localizable.strings; path = "Localization/zh-Hant.lproj/Localizable.strings"; sourceTree = "<group>"; };
		633A1C8EE500FC338B29FFBF /* Localizable.strings */ = {isa = PBXFileReference; includeInIndex = 1; lastKnownFileType = text.plist.strings; name = Localizable.strings; path = fr.lproj/Localizable.strings; sourceTree = "<group>"; };
		68938377EBEC8703CDD097E2 /* MigMouse-Bridging-Header.h */ = {isa = PBXFileReference; includeInIndex = 1; lastKnownFileType = sourcecode.c.h; name = "MigMouse-Bridging-Header.h"; path = "Supporting/MigMouse-Bridging-Header.h"; sourceTree = "<group>"; };
		6C5EDAB4D567F365B8C9D51F /* Localizable.strings */ = {isa = PBXFileReference; includeInIndex = 1; lastKnownFileType = text.plist.strings; name = Localizable.strings; path = ko.lproj/Localizable.strings; sourceTree = "<group>"; };
		76C956A0C33931A0E2AEF469 /* SwiftUI.framework */ = {isa = PBXFileReference; lastKnownFileType = wrapper.framework; name = SwiftUI.framework; path = System/Library/Frameworks/SwiftUI.framework; sourceTree = SDKROOT; };
		7FA978E757D10BCE58603BB3 /* Localizable.strings */ = {isa = PBXFileReference; includeInIndex = 1; lastKnownFileType = text.plist.strings; name = Localizable.strings; path = ru.lproj/Localizable.strings; sourceTree = "<group>"; };
		7FB9B63112F484E491F0D56D /* SystemEventMonitor.swift */ = {isa = PBXFileReference; includeInIndex = 1; lastKnownFileType = sourcecode.swift; name = SystemEventMonitor.swift; path = Events/SystemEventMonitor.swift; sourceTree = "<group>"; };
		83EC3DF625E873AEE275584F /* Localizable.strings */ = {isa = PBXFileReference; includeInIndex = 1; lastKnownFileType = text.plist.strings; name = Localizable.strings; path = "zh-Hant.lproj/Localizable.strings"; sourceTree = "<group>"; };
		864CAB65E7E23EF7243625DD /* Localizable.strings */ = {isa = PBXFileReference; includeInIndex = 1; lastKnownFileType = text.plist.strings; name = Localizable.strings; path = Localization/it.lproj/Localizable.strings; sourceTree = "<group>"; };
		870D2B328C69B1F2D138179F /* Localizable.strings */ = {isa = PBXFileReference; includeInIndex = 1; lastKnownFileType = text.plist.strings; name = Localizable.strings; path = Localization/en.lproj/Localizable.strings; sourceTree = "<group>"; };
		9D55C3F4B6A5ECBCADD5BB46 /* Localizable.strings */ = {isa = PBXFileReference; includeInIndex = 1; lastKnownFileType = text.plist.strings; name = Localizable.strings; path = Localization/ar.lproj/Localizable.strings; sourceTree = "<group>"; };
		9E184A464E338F48F4F0B3FB /* Localizable.strings */ = {isa = PBXFileReference; includeInIndex = 1; lastKnownFileType = text.plist.strings; name = Localizable.strings; path = Localization/fr.lproj/Localizable.strings; sourceTree = "<group>"; };
		A137F33D29E0E92342A33B6C /* TouchModels.swift */ = {isa = PBXFileReference; includeInIndex = 1; lastKnownFileType = sourcecode.swift; name = TouchModels.swift; path = Models/TouchModels.swift; sourceTree = "<group>"; };
		A80D48845F4228FD59381A31 /* AppKit.framework */ = {isa = PBXFileReference; lastKnownFileType = wrapper.framework; name = AppKit.framework; path = System/Library/Frameworks/AppKit.framework; sourceTree = SDKROOT; };
		B18DE6971F78B643A7051699 /* Localizable.strings */ = {isa = PBXFileReference; includeInIndex = 1; lastKnownFileType = text.plist.strings; name = Localizable.strings; path = de.lproj/Localizable.strings; sourceTree = "<group>"; };
		BC8A4A8ECB0832C94B4C7C04 /* Localizable.strings */ = {isa = PBXFileReference; includeInIndex = 1; lastKnownFileType = text.plist.strings; name = Localizable.strings; path = "zh-Hans.lproj/Localizable.strings"; sourceTree = "<group>"; };
		BD7E1B56B4D1CC11A63B5EBC /* Localizable.strings */ = {isa = PBXFileReference; includeInIndex = 1; lastKnownFileType = text.plist.strings; name = Localizable.strings; path = Localization/ko.lproj/Localizable.strings; sourceTree = "<group>"; };
		BD903978944511CD0F4F0BE2 /* MigMouseTests.xctest */ = {isa = PBXFileReference; explicitFileType = wrapper.cfbundle; includeInIndex = 0; path = MigMouseTests.xctest; sourceTree = BUILT_PRODUCTS_DIR; };
		C30897AA7E128A5B839C759A /* MigMouse.entitlements */ = {isa = PBXFileReference; includeInIndex = 1; lastKnownFileType = text.plist.entitlements; name = MigMouse.entitlements; path = Supporting/MigMouse.entitlements; sourceTree = "<group>"; };
		C4F3EA00B297CC77BDE71A40 /* Foundation.framework */ = {isa = PBXFileReference; lastKnownFileType = wrapper.framework; name = Foundation.framework; path = System/Library/Frameworks/Foundation.framework; sourceTree = SDKROOT; };
		D37881D7E4E3C4D864BD688B /* SettingsView.swift */ = {isa = PBXFileReference; includeInIndex = 1; lastKnownFileType = sourcecode.swift; name = SettingsView.swift; path = UI/SettingsView.swift; sourceTree = "<group>"; };
		D471572DE5816FE508D2A85F /* MMMultitouchBridge.m */ = {isa = PBXFileReference; includeInIndex = 1; lastKnownFileType = sourcecode.c.objc; name = MMMultitouchBridge.m; path = Multitouch/MMMultitouchBridge.m; sourceTree = "<group>"; };
		D7E34E9B39F6B6220D25BB73 /* ApplicationServices.framework */ = {isa = PBXFileReference; lastKnownFileType = wrapper.framework; name = ApplicationServices.framework; path = System/Library/Frameworks/ApplicationServices.framework; sourceTree = SDKROOT; };
		DA008A0A7F87BF134C754279 /* MouseEventSynthesizer.swift */ = {isa = PBXFileReference; includeInIndex = 1; lastKnownFileType = sourcecode.swift; name = MouseEventSynthesizer.swift; path = Events/MouseEventSynthesizer.swift; sourceTree = "<group>"; };
		DD69DDE78380D4E5A0DB8A71 /* TouchSurfaceView.swift */ = {isa = PBXFileReference; includeInIndex = 1; lastKnownFileType = sourcecode.swift; name = TouchSurfaceView.swift; path = UI/TouchSurfaceView.swift; sourceTree = "<group>"; };
		E1507B5D787BED4232AC9A4E /* MultitouchSupportTypes.h */ = {isa = PBXFileReference; includeInIndex = 1; lastKnownFileType = sourcecode.c.h; name = MultitouchSupportTypes.h; path = Multitouch/MultitouchSupportTypes.h; sourceTree = "<group>"; };
		E43D0F2A5B88FE90FB670B73 /* SyntheticEventIdentity.swift */ = {isa = PBXFileReference; includeInIndex = 1; lastKnownFileType = sourcecode.swift; name = SyntheticEventIdentity.swift; path = Events/SyntheticEventIdentity.swift; sourceTree = "<group>"; };
		EA79E67CB45FD3CAA4CB47DB /* Localizable.strings */ = {isa = PBXFileReference; includeInIndex = 1; lastKnownFileType = text.plist.strings; name = Localizable.strings; path = ja.lproj/Localizable.strings; sourceTree = "<group>"; };
		EC84DAA079D007E76DAC0974 /* Localizable.strings */ = {isa = PBXFileReference; includeInIndex = 1; lastKnownFileType = text.plist.strings; name = Localizable.strings; path = ar.lproj/Localizable.strings; sourceTree = "<group>"; };
		EC9E21CAC1923B7B37D5B8BA /* MigMouseApp.swift */ = {isa = PBXFileReference; includeInIndex = 1; lastKnownFileType = sourcecode.swift; name = MigMouseApp.swift; path = App/MigMouseApp.swift; sourceTree = "<group>"; };
		F1B0788DEB858B0CFE05CD72 /* Localizable.strings */ = {isa = PBXFileReference; includeInIndex = 1; lastKnownFileType = text.plist.strings; name = Localizable.strings; path = "Localization/pt-BR.lproj/Localizable.strings"; sourceTree = "<group>"; };
		F5F25EC953487987C6983D98 /* Localizable.strings */ = {isa = PBXFileReference; includeInIndex = 1; lastKnownFileType = text.plist.strings; name = Localizable.strings; path = Localization/ja.lproj/Localizable.strings; sourceTree = "<group>"; };
		F625FE8A77530EAFFC71409A /* TapRecognizerTests.swift */ = {isa = PBXFileReference; includeInIndex = 1; lastKnownFileType = sourcecode.swift; path = TapRecognizerTests.swift; sourceTree = "<group>"; };
		F925B2EB73558F89FF7B8493 /* MigMouse.app */ = {isa = PBXFileReference; explicitFileType = wrapper.application; includeInIndex = 0; path = MigMouse.app; sourceTree = BUILT_PRODUCTS_DIR; };
		FE46963445B86F1165DAEA3D /* Localizable.strings */ = {isa = PBXFileReference; includeInIndex = 1; lastKnownFileType = text.plist.strings; name = Localizable.strings; path = Localization/es.lproj/Localizable.strings; sourceTree = "<group>"; };
/* End PBXFileReference section */

/* Begin PBXFrameworksBuildPhase section */
		B45D522DDF5291DB56B28349 /* Frameworks */ = {
			isa = PBXFrameworksBuildPhase;
			buildActionMask = 2147483647;
			files = (
				43EF61D684989E6BED344D22 /* Cocoa.framework in Frameworks */,
				3EE7BB4DD58FE65194CD7D8F /* AppKit.framework in Frameworks */,
				F57E821D31953AB4DBD05B0F /* ApplicationServices.framework in Frameworks */,
				3092F81AF3D7859B9B01F7DE /* CoreGraphics.framework in Frameworks */,
				77FBE11417B6973C16228042 /* Foundation.framework in Frameworks */,
				C20A1190D0F296DC6532FA6C /* SwiftUI.framework in Frameworks */,
			);
			runOnlyForDeploymentPostprocessing = 0;
		};
		FF5696616274845AAB3ACF45 /* Frameworks */ = {
			isa = PBXFrameworksBuildPhase;
			buildActionMask = 2147483647;
			files = (
				49260AB5FF7AD7516F352D19 /* Cocoa.framework in Frameworks */,
			);
			runOnlyForDeploymentPostprocessing = 0;
		};
/* End PBXFrameworksBuildPhase section */

/* Begin PBXGroup section */
		02C6FD5F665ACC01E7196FC7 /* MigMouse */ = {
			isa = PBXGroup;
			children = (
				178433E0F8B5AB918551CCB8 /* AppRuntime.swift */,
				EC9E21CAC1923B7B37D5B8BA /* MigMouseApp.swift */,
				DA008A0A7F87BF134C754279 /* MouseEventSynthesizer.swift */,
				E43D0F2A5B88FE90FB670B73 /* SyntheticEventIdentity.swift */,
				7FB9B63112F484E491F0D56D /* SystemEventMonitor.swift */,
				21FF1E6AB58A742E4797545E /* GestureConfiguration.swift */,
				167A56A3C06685CA69DDD42B /* TapRecognizer.swift */,
				509F59869411FB69895D5475 /* Localization.swift */,
				9D55C3F4B6A5ECBCADD5BB46 /* Localizable.strings */,
				2747DA3FB7E8EC58E737DCD9 /* Localizable.strings */,
				870D2B328C69B1F2D138179F /* Localizable.strings */,
				FE46963445B86F1165DAEA3D /* Localizable.strings */,
				9E184A464E338F48F4F0B3FB /* Localizable.strings */,
				864CAB65E7E23EF7243625DD /* Localizable.strings */,
				F5F25EC953487987C6983D98 /* Localizable.strings */,
				BD7E1B56B4D1CC11A63B5EBC /* Localizable.strings */,
				F1B0788DEB858B0CFE05CD72 /* Localizable.strings */,
				3889F2CC8EF99972D2F05B98 /* Localizable.strings */,
				05FD8721F423417AC13A762E /* Localizable.strings */,
				624C9F2C66BB6BD4D92B6B8C /* Localizable.strings */,
				A137F33D29E0E92342A33B6C /* TouchModels.swift */,
				21CD4120C83E6CA39DE009C1 /* MMMultitouchBridge.h */,
				D471572DE5816FE508D2A85F /* MMMultitouchBridge.m */,
				E1507B5D787BED4232AC9A4E /* MultitouchSupportTypes.h */,
				194E776E100AC9ED3FD420DE /* PermissionManager.swift */,
				28B09F85784452164BE18764 /* Info.plist */,
				68938377EBEC8703CDD097E2 /* MigMouse-Bridging-Header.h */,
				C30897AA7E128A5B839C759A /* MigMouse.entitlements */,
				60B5C906BF4881C91C33B725 /* MenuBarContent.swift */,
				D37881D7E4E3C4D864BD688B /* SettingsView.swift */,
				DD69DDE78380D4E5A0DB8A71 /* TouchSurfaceView.swift */,
				E5F7B83BEC45B81E9FE15885 /* Localization */,
			);
			name = MigMouse;
			path = MigMouse;
			sourceTree = "<group>";
		};
		13971E14185BC50D5419B99F /* Frameworks */ = {
			isa = PBXGroup;
			children = (
				E4D9AF714EEA6B93041522CD /* OS X */,
				A80D48845F4228FD59381A31 /* AppKit.framework */,
				D7E34E9B39F6B6220D25BB73 /* ApplicationServices.framework */,
				2098950DAED565F222AB05F4 /* CoreGraphics.framework */,
				C4F3EA00B297CC77BDE71A40 /* Foundation.framework */,
				76C956A0C33931A0E2AEF469 /* SwiftUI.framework */,
			);
			name = Frameworks;
			sourceTree = "<group>";
		};
		68606A96BB8BB5598206EFCC = {
			isa = PBXGroup;
			children = (
				E0A8E648059425FD03D36D7E /* Products */,
				13971E14185BC50D5419B99F /* Frameworks */,
				02C6FD5F665ACC01E7196FC7 /* MigMouse */,
				FC11BDF9C95AA5A29C1AD0D6 /* MigMouseTests */,
			);
			sourceTree = "<group>";
		};
		E0A8E648059425FD03D36D7E /* Products */ = {
			isa = PBXGroup;
			children = (
				F925B2EB73558F89FF7B8493 /* MigMouse.app */,
				BD903978944511CD0F4F0BE2 /* MigMouseTests.xctest */,
			);
			name = Products;
			sourceTree = "<group>";
		};
		E4D9AF714EEA6B93041522CD /* OS X */ = {
			isa = PBXGroup;
			children = (
				2BD0EF1F6051346287541D38 /* Cocoa.framework */,
			);
			name = "OS X";
			sourceTree = "<group>";
		};
		E5F7B83BEC45B81E9FE15885 /* Localization */ = {
			isa = PBXGroup;
			children = (
				1AC394EAF52AF62825B5ABBC /* Localizable.strings */,
			);
			name = Localization;
			path = Localization;
			sourceTree = "<group>";
		};
		FC11BDF9C95AA5A29C1AD0D6 /* MigMouseTests */ = {
			isa = PBXGroup;
			children = (
				F625FE8A77530EAFFC71409A /* TapRecognizerTests.swift */,
			);
			name = MigMouseTests;
			path = MigMouseTests;
			sourceTree = "<group>";
		};
/* End PBXGroup section */

/* Begin PBXNativeTarget section */
		2BF958A7B097E8F19410F06F /* MigMouse */ = {
			isa = PBXNativeTarget;
			buildConfigurationList = 54A606EA2AA9710B10C95C65 /* Build configuration list for PBXNativeTarget "MigMouse" */;
			buildPhases = (
				55DBD6AC32E93AA8070382C3 /* Sources */,
				B45D522DDF5291DB56B28349 /* Frameworks */,
				3A1AD8862CD0F4379EBB39A5 /* Resources */,
			);
			buildRules = (
			);
			dependencies = (
			);
			name = MigMouse;
			productName = MigMouse;
			productReference = F925B2EB73558F89FF7B8493 /* MigMouse.app */;
			productType = "com.apple.product-type.application";
		};
		E7127E1142CD7378C412DDA5 /* MigMouseTests */ = {
			isa = PBXNativeTarget;
			buildConfigurationList = F0AF942FCB8F7FB9E36629F4 /* Build configuration list for PBXNativeTarget "MigMouseTests" */;
			buildPhases = (
				BA2C3EDBED37B5B44221AE8D /* Sources */,
				FF5696616274845AAB3ACF45 /* Frameworks */,
				1CA1AF5F8A72E47C6406BAF9 /* Resources */,
			);
			buildRules = (
			);
			dependencies = (
				6BEBCCDB821843E967C0644E /* PBXTargetDependency */,
			);
			name = MigMouseTests;
			productName = MigMouseTests;
			productReference = BD903978944511CD0F4F0BE2 /* MigMouseTests.xctest */;
			productType = "com.apple.product-type.bundle.unit-test";
		};
/* End PBXNativeTarget section */

/* Begin PBXProject section */
		FE1A82056AE04E1A99EDE15C /* Project object */ = {
			isa = PBXProject;
			attributes = {
				LastSwiftUpdateCheck = 2660;
				LastUpgradeCheck = 2660;
			};
			buildConfigurationList = 3D2D8E29A4822CAE150B6CDE /* Build configuration list for PBXProject "MigMouse" */;
			compatibilityVersion = "Xcode 3.2";
			developmentRegion = en;
			hasScannedForEncodings = 0;
			knownRegions = (
				en,
				"zh-Hans",
				"zh-Hant",
				ja,
				ko,
				fr,
				de,
				es,
				"pt-BR",
				it,
				ru,
				ar,
				Base,
			);
			mainGroup = 68606A96BB8BB5598206EFCC;
			minimizedProjectReferenceProxies = 0;
			preferredProjectObjectVersion = 77;
			productRefGroup = E0A8E648059425FD03D36D7E /* Products */;
			projectDirPath = "";
			projectRoot = "";
			targets = (
				2BF958A7B097E8F19410F06F /* MigMouse */,
				E7127E1142CD7378C412DDA5 /* MigMouseTests */,
			);
		};
/* End PBXProject section */

/* Begin PBXResourcesBuildPhase section */
		1CA1AF5F8A72E47C6406BAF9 /* Resources */ = {
			isa = PBXResourcesBuildPhase;
			buildActionMask = 2147483647;
			files = (
			);
			runOnlyForDeploymentPostprocessing = 0;
		};
		3A1AD8862CD0F4379EBB39A5 /* Resources */ = {
			isa = PBXResourcesBuildPhase;
			buildActionMask = 2147483647;
			files = (
				643E58466BC67F31A0694A7B /* Localizable.strings in Resources */,
			);
			runOnlyForDeploymentPostprocessing = 0;
		};
/* End PBXResourcesBuildPhase section */

/* Begin PBXSourcesBuildPhase section */
		55DBD6AC32E93AA8070382C3 /* Sources */ = {
			isa = PBXSourcesBuildPhase;
			buildActionMask = 2147483647;
			files = (
				76A20594F468CA38D95CAA95 /* AppRuntime.swift in Sources */,
				8CFE62E18FCD84C48E7899DD /* MigMouseApp.swift in Sources */,
				CE3E0E232DDF67C9B5C1EDA4 /* MouseEventSynthesizer.swift in Sources */,
				D084C75AD827F5EFB8C7B380 /* SyntheticEventIdentity.swift in Sources */,
				B493D4889B82AA54953D35F5 /* SystemEventMonitor.swift in Sources */,
				E96B7F9C6765B3745D9C92CD /* GestureConfiguration.swift in Sources */,
				93AF58FA7561876048B54453 /* TapRecognizer.swift in Sources */,
				72F7CDB51A68E104483A4BB7 /* Localization.swift in Sources */,
				4CFD18B9B3D80CECC7A26827 /* TouchModels.swift in Sources */,
				37FD4731C1E728F60BC74689 /* MMMultitouchBridge.m in Sources */,
				01EE640958F0BB29B84E17B7 /* PermissionManager.swift in Sources */,
				73226B9BC04940C502F5B32E /* MenuBarContent.swift in Sources */,
				682B8983675CF0AF8C552E26 /* SettingsView.swift in Sources */,
				A39FC73E6277F100356F7947 /* TouchSurfaceView.swift in Sources */,
			);
			runOnlyForDeploymentPostprocessing = 0;
		};
		BA2C3EDBED37B5B44221AE8D /* Sources */ = {
			isa = PBXSourcesBuildPhase;
			buildActionMask = 2147483647;
			files = (
				F2930C7941D261B8134B5323 /* TapRecognizerTests.swift in Sources */,
			);
			runOnlyForDeploymentPostprocessing = 0;
		};
/* End PBXSourcesBuildPhase section */

/* Begin PBXTargetDependency section */
		6BEBCCDB821843E967C0644E /* PBXTargetDependency */ = {
			isa = PBXTargetDependency;
			name = MigMouse;
			target = 2BF958A7B097E8F19410F06F /* MigMouse */;
			targetProxy = EBA2B3A340592E4C1B14BED9 /* PBXContainerItemProxy */;
		};
/* End PBXTargetDependency section */

/* Begin PBXVariantGroup section */
		1AC394EAF52AF62825B5ABBC /* Localizable.strings */ = {
			isa = PBXVariantGroup;
			children = (
				0F37DD925F911ADB34831CA5 /* Localizable.strings */,
				BC8A4A8ECB0832C94B4C7C04 /* Localizable.strings */,
				83EC3DF625E873AEE275584F /* Localizable.strings */,
				EA79E67CB45FD3CAA4CB47DB /* Localizable.strings */,
				6C5EDAB4D567F365B8C9D51F /* Localizable.strings */,
				633A1C8EE500FC338B29FFBF /* Localizable.strings */,
				B18DE6971F78B643A7051699 /* Localizable.strings */,
				2D0F228704FBC1FC27771BA2 /* Localizable.strings */,
				41156F49F482660E33D4D3D2 /* Localizable.strings */,
				579AE48109F7B0CE8F8C44BE /* Localizable.strings */,
				7FA978E757D10BCE58603BB3 /* Localizable.strings */,
				EC84DAA079D007E76DAC0974 /* Localizable.strings */,
			);
			name = Localizable.strings;
			sourceTree = "<group>";
		};
/* End PBXVariantGroup section */

/* Begin XCBuildConfiguration section */
		0E16BD2C0091FFC6F6FB6042 /* Debug */ = {
			isa = XCBuildConfiguration;
			buildSettings = {
				ASSETCATALOG_COMPILER_APPICON_NAME = AppIcon;
				ASSETCATALOG_COMPILER_GLOBAL_ACCENT_COLOR_NAME = AccentColor;
				CLANG_ENABLE_MODULES = YES;
				CLANG_ENABLE_OBJC_ARC = YES;
				CODE_SIGN_ENTITLEMENTS = MigMouse/Supporting/MigMouse.entitlements;
				COMBINE_HIDPI_IMAGES = YES;
				ENABLE_APP_SANDBOX = NO;
				ENABLE_HARDENED_RUNTIME = YES;
				INFOPLIST_FILE = MigMouse/Supporting/Info.plist;
				LD_RUNPATH_SEARCH_PATHS = "$(inherited) @executable_path/../Frameworks";
				MACOSX_DEPLOYMENT_TARGET = 14.0;
				PRODUCT_BUNDLE_IDENTIFIER = com.zhouxingbang.MigMouse;
				PRODUCT_NAME = "$(TARGET_NAME)";
				SDKROOT = macosx;
				SWIFT_OBJC_BRIDGING_HEADER = "MigMouse/Supporting/MigMouse-Bridging-Header.h";
				SWIFT_VERSION = 5.0;
			};
			name = Debug;
		};
		9561BDE6A3A0DAD4968AFD61 /* Debug */ = {
			isa = XCBuildConfiguration;
			buildSettings = {
				BUNDLE_LOADER = "$(TEST_HOST)";
				GENERATE_INFOPLIST_FILE = YES;
				MACOSX_DEPLOYMENT_TARGET = 14.0;
				PRODUCT_BUNDLE_IDENTIFIER = com.zhouxingbang.MigMouseTests;
				SDKROOT = macosx;
				SWIFT_VERSION = 5.0;
				TEST_HOST = "$(BUILT_PRODUCTS_DIR)/MigMouse.app/Contents/MacOS/MigMouse";
			};
			name = Debug;
		};
		AB95CEBB4E485A54A9FA48A4 /* Release */ = {
			isa = XCBuildConfiguration;
			buildSettings = {
				ASSETCATALOG_COMPILER_APPICON_NAME = AppIcon;
				ASSETCATALOG_COMPILER_GLOBAL_ACCENT_COLOR_NAME = AccentColor;
				CLANG_ENABLE_MODULES = YES;
				CLANG_ENABLE_OBJC_ARC = YES;
				CODE_SIGN_ENTITLEMENTS = MigMouse/Supporting/MigMouse.entitlements;
				COMBINE_HIDPI_IMAGES = YES;
				ENABLE_APP_SANDBOX = NO;
				ENABLE_HARDENED_RUNTIME = YES;
				INFOPLIST_FILE = MigMouse/Supporting/Info.plist;
				LD_RUNPATH_SEARCH_PATHS = "$(inherited) @executable_path/../Frameworks";
				MACOSX_DEPLOYMENT_TARGET = 14.0;
				PRODUCT_BUNDLE_IDENTIFIER = com.zhouxingbang.MigMouse;
				PRODUCT_NAME = "$(TARGET_NAME)";
				SDKROOT = macosx;
				SWIFT_OBJC_BRIDGING_HEADER = "MigMouse/Supporting/MigMouse-Bridging-Header.h";
				SWIFT_VERSION = 5.0;
			};
			name = Release;
		};
		BBA289FB0113D8D93E67ECE7 /* Release */ = {
			isa = XCBuildConfiguration;
			buildSettings = {
				BUNDLE_LOADER = "$(TEST_HOST)";
				GENERATE_INFOPLIST_FILE = YES;
				MACOSX_DEPLOYMENT_TARGET = 14.0;
				PRODUCT_BUNDLE_IDENTIFIER = com.zhouxingbang.MigMouseTests;
				SDKROOT = macosx;
				SWIFT_VERSION = 5.0;
				TEST_HOST = "$(BUILT_PRODUCTS_DIR)/MigMouse.app/Contents/MacOS/MigMouse";
			};
			name = Release;
		};
		C43E4F97AE558C55BAFD1543 /* Release */ = {
			isa = XCBuildConfiguration;
			buildSettings = {
				ALWAYS_SEARCH_USER_PATHS = NO;
				CLANG_ANALYZER_NONNULL = YES;
				CLANG_ANALYZER_NUMBER_OBJECT_CONVERSION = YES_AGGRESSIVE;
				CLANG_CXX_LANGUAGE_STANDARD = "gnu++14";
				CLANG_CXX_LIBRARY = "libc++";
				CLANG_ENABLE_MODULES = YES;
				CLANG_ENABLE_OBJC_ARC = YES;
				CLANG_ENABLE_OBJC_WEAK = YES;
				CLANG_WARN_BLOCK_CAPTURE_AUTORELEASING = YES;
				CLANG_WARN_BOOL_CONVERSION = YES;
				CLANG_WARN_COMMA = YES;
				CLANG_WARN_CONSTANT_CONVERSION = YES;
				CLANG_WARN_DEPRECATED_OBJC_IMPLEMENTATIONS = YES;
				CLANG_WARN_DIRECT_OBJC_ISA_USAGE = YES_ERROR;
				CLANG_WARN_DOCUMENTATION_COMMENTS = YES;
				CLANG_WARN_EMPTY_BODY = YES;
				CLANG_WARN_ENUM_CONVERSION = YES;
				CLANG_WARN_INFINITE_RECURSION = YES;
				CLANG_WARN_INT_CONVERSION = YES;
				CLANG_WARN_NON_LITERAL_NULL_CONVERSION = YES;
				CLANG_WARN_OBJC_IMPLICIT_RETAIN_SELF = YES;
				CLANG_WARN_OBJC_LITERAL_CONVERSION = YES;
				CLANG_WARN_OBJC_ROOT_CLASS = YES_ERROR;
				CLANG_WARN_QUOTED_INCLUDE_IN_FRAMEWORK_HEADER = YES;
				CLANG_WARN_RANGE_LOOP_ANALYSIS = YES;
				CLANG_WARN_STRICT_PROTOTYPES = YES;
				CLANG_WARN_SUSPICIOUS_MOVE = YES;
				CLANG_WARN_UNGUARDED_AVAILABILITY = YES_AGGRESSIVE;
				CLANG_WARN_UNREACHABLE_CODE = YES;
				CLANG_WARN__DUPLICATE_METHOD_MATCH = YES;
				COPY_PHASE_STRIP = NO;
				DEBUG_INFORMATION_FORMAT = "dwarf-with-dsym";
				ENABLE_NS_ASSERTIONS = NO;
				ENABLE_STRICT_OBJC_MSGSEND = YES;
				GCC_C_LANGUAGE_STANDARD = gnu11;
				GCC_NO_COMMON_BLOCKS = YES;
				GCC_WARN_64_TO_32_BIT_CONVERSION = YES;
				GCC_WARN_ABOUT_RETURN_TYPE = YES_ERROR;
				GCC_WARN_UNDECLARED_SELECTOR = YES;
				GCC_WARN_UNINITIALIZED_AUTOS = YES_AGGRESSIVE;
				GCC_WARN_UNUSED_FUNCTION = YES;
				GCC_WARN_UNUSED_VARIABLE = YES;
				MTL_ENABLE_DEBUG_INFO = NO;
				MTL_FAST_MATH = YES;
				PRODUCT_NAME = "$(TARGET_NAME)";
				SWIFT_COMPILATION_MODE = wholemodule;
				SWIFT_OPTIMIZATION_LEVEL = "-O";
				SWIFT_VERSION = 5.0;
			};
			name = Release;
		};
		C8F2E0BE4AFD6B2C8BAACF92 /* Debug */ = {
			isa = XCBuildConfiguration;
			buildSettings = {
				ALWAYS_SEARCH_USER_PATHS = NO;
				CLANG_ANALYZER_NONNULL = YES;
				CLANG_ANALYZER_NUMBER_OBJECT_CONVERSION = YES_AGGRESSIVE;
				CLANG_CXX_LANGUAGE_STANDARD = "gnu++14";
				CLANG_CXX_LIBRARY = "libc++";
				CLANG_ENABLE_MODULES = YES;
				CLANG_ENABLE_OBJC_ARC = YES;
				CLANG_ENABLE_OBJC_WEAK = YES;
				CLANG_WARN_BLOCK_CAPTURE_AUTORELEASING = YES;
				CLANG_WARN_BOOL_CONVERSION = YES;
				CLANG_WARN_COMMA = YES;
				CLANG_WARN_CONSTANT_CONVERSION = YES;
				CLANG_WARN_DEPRECATED_OBJC_IMPLEMENTATIONS = YES;
				CLANG_WARN_DIRECT_OBJC_ISA_USAGE = YES_ERROR;
				CLANG_WARN_DOCUMENTATION_COMMENTS = YES;
				CLANG_WARN_EMPTY_BODY = YES;
				CLANG_WARN_ENUM_CONVERSION = YES;
				CLANG_WARN_INFINITE_RECURSION = YES;
				CLANG_WARN_INT_CONVERSION = YES;
				CLANG_WARN_NON_LITERAL_NULL_CONVERSION = YES;
				CLANG_WARN_OBJC_IMPLICIT_RETAIN_SELF = YES;
				CLANG_WARN_OBJC_LITERAL_CONVERSION = YES;
				CLANG_WARN_OBJC_ROOT_CLASS = YES_ERROR;
				CLANG_WARN_QUOTED_INCLUDE_IN_FRAMEWORK_HEADER = YES;
				CLANG_WARN_RANGE_LOOP_ANALYSIS = YES;
				CLANG_WARN_STRICT_PROTOTYPES = YES;
				CLANG_WARN_SUSPICIOUS_MOVE = YES;
				CLANG_WARN_UNGUARDED_AVAILABILITY = YES_AGGRESSIVE;
				CLANG_WARN_UNREACHABLE_CODE = YES;
				CLANG_WARN__DUPLICATE_METHOD_MATCH = YES;
				COPY_PHASE_STRIP = NO;
				DEBUG_INFORMATION_FORMAT = dwarf;
				ENABLE_STRICT_OBJC_MSGSEND = YES;
				ENABLE_TESTABILITY = YES;
				GCC_C_LANGUAGE_STANDARD = gnu11;
				GCC_DYNAMIC_NO_PIC = NO;
				GCC_NO_COMMON_BLOCKS = YES;
				GCC_OPTIMIZATION_LEVEL = 0;
				GCC_PREPROCESSOR_DEFINITIONS = (
					"DEBUG=1",
					"$(inherited)",
				);
				GCC_WARN_64_TO_32_BIT_CONVERSION = YES;
				GCC_WARN_ABOUT_RETURN_TYPE = YES_ERROR;
				GCC_WARN_UNDECLARED_SELECTOR = YES;
				GCC_WARN_UNINITIALIZED_AUTOS = YES_AGGRESSIVE;
				GCC_WARN_UNUSED_FUNCTION = YES;
				GCC_WARN_UNUSED_VARIABLE = YES;
				MTL_ENABLE_DEBUG_INFO = INCLUDE_SOURCE;
				MTL_FAST_MATH = YES;
				ONLY_ACTIVE_ARCH = YES;
				PRODUCT_NAME = "$(TARGET_NAME)";
				SWIFT_ACTIVE_COMPILATION_CONDITIONS = DEBUG;
				SWIFT_OPTIMIZATION_LEVEL = "-Onone";
				SWIFT_VERSION = 5.0;
			};
			name = Debug;
		};
/* End XCBuildConfiguration section */

/* Begin XCConfigurationList section */
		3D2D8E29A4822CAE150B6CDE /* Build configuration list for PBXProject "MigMouse" */ = {
			isa = XCConfigurationList;
			buildConfigurations = (
				C8F2E0BE4AFD6B2C8BAACF92 /* Debug */,
				C43E4F97AE558C55BAFD1543 /* Release */,
			);
			defaultConfigurationIsVisible = 0;
			defaultConfigurationName = Release;
		};
		54A606EA2AA9710B10C95C65 /* Build configuration list for PBXNativeTarget "MigMouse" */ = {
			isa = XCConfigurationList;
			buildConfigurations = (
				AB95CEBB4E485A54A9FA48A4 /* Release */,
				0E16BD2C0091FFC6F6FB6042 /* Debug */,
			);
			defaultConfigurationIsVisible = 0;
			defaultConfigurationName = Release;
		};
		F0AF942FCB8F7FB9E36629F4 /* Build configuration list for PBXNativeTarget "MigMouseTests" */ = {
			isa = XCConfigurationList;
			buildConfigurations = (
				BBA289FB0113D8D93E67ECE7 /* Release */,
				9561BDE6A3A0DAD4968AFD61 /* Debug */,
			);
			defaultConfigurationIsVisible = 0;
			defaultConfigurationName = Release;
		};
/* End XCConfigurationList section */
	};
	rootObject = FE1A82056AE04E1A99EDE15C /* Project object */;
}
